
Microsoft Visual Studio Solution File, Format Version 12.00
# Blend for Visual Studio 15
VisualStudioVersion = 15.0.27703.2042
MinimumVisualStudioVersion = 10.0.40219.1
Project("{FAE04EC0-301F-11D3-BF4B-00C04F79EFBC}") = "CPSC481Prototype", "CPSC481Prototype\CPSC481Prototype.csproj", "{7D3F21E1-CFB5-431E-A71B-A5795DCC6D75}"
EndProject
Global
	GlobalSection(SolutionConfigurationPlatforms) = preSolution
		Debug|Any CPU = Debug|Any CPU
		Release|Any CPU = Release|Any CPU
	EndGlobalSection
	GlobalSection(ProjectConfigurationPlatforms) = postSolution
		{7D3F21E1-CFB5-431E-A71B-A5795DCC6D75}.Debug|Any CPU.ActiveCfg = Debug|Any CPU
		{7D3F21E1-CFB5-431E-A71B-A5795DCC6D75}.Debug|Any CPU.Build.0 = Debug|Any CPU
		{7D3F21E1-CFB5-431E-A71B-A5795DCC6D75}.Release|Any CPU.ActiveCfg = Release|Any CPU
		{7D3F21E1-CFB5-431E-A71B-A5795DCC6D75}.Release|Any CPU.Build.0 = Release|Any CPU
	EndGlobalSection
	GlobalSection(SolutionProperties) = preSolution
		HideSolutionNode = FALSE
	EndGlobalSection
	GlobalSection(ExtensibilityGlobals) = postSolution
		SolutionGuid = {D5308B5F-5458-4903-BB3F-2E81CFFE52E7}
	EndGlobalSection
EndGlobal
